
Microsoft Visual Studio Solution File, Format Version 12.00
# Visual Studio Version 17
VisualStudioVersion = 17.1.32328.378
MinimumVisualStudioVersion = 10.0.40219.1
Project("{9A19103F-16F7-4668-BE54-9A1E7A4F7556}") = "AnimalsWeb.Client", "AnimalsWeb.Client\AnimalsWeb.Client.csproj", "{001F9057-D0F9-4F10-B1C9-F0C07A2E5D5F}"
EndProject
Project("{9A19103F-16F7-4668-BE54-9A1E7A4F7556}") = "AnimalsWeb.Data", "AnimalsWeb.Data\AnimalsWeb.Data.csproj", "{883FDB04-070E-4051-8F5B-6946AA220AD3}"
EndProject
Project("{9A19103F-16F7-4668-BE54-9A1E7A4F7556}") = "AnimalsWeb.Bl", "AnimalsWeb.Bl\AnimalsWeb.Bl.csproj", "{1B39200E-1874-4D63-A845-21DFF2F11845}"
EndProject
Project("{9A19103F-16F7-4668-BE54-9A1E7A4F7556}") = "Tests", "Tests\Tests.csproj", "{9D6EF268-A8F1-409B-A5C1-F19223B66D4F}"
EndProject
Project("{E53339B2-1760-4266-BCC7-CA923CBCF16C}") = "docker-compose", "docker-compose.dcproj", "{AA0DDDC3-41B5-4AE0-A21D-4AAD3C3314CC}"
EndProject
Global
	GlobalSection(SolutionConfigurationPlatforms) = preSolution
		Debug|Any CPU = Debug|Any CPU
		Release|Any CPU = Release|Any CPU
	EndGlobalSection
	GlobalSection(ProjectConfigurationPlatforms) = postSolution
		{001F9057-D0F9-4F10-B1C9-F0C07A2E5D5F}.Debug|Any CPU.ActiveCfg = Debug|Any CPU
		{001F9057-D0F9-4F10-B1C9-F0C07A2E5D5F}.Debug|Any CPU.Build.0 = Debug|Any CPU
		{001F9057-D0F9-4F10-B1C9-F0C07A2E5D5F}.Release|Any CPU.ActiveCfg = Release|Any CPU
		{001F9057-D0F9-4F10-B1C9-F0C07A2E5D5F}.Release|Any CPU.Build.0 = Release|Any CPU
		{883FDB04-070E-4051-8F5B-6946AA220AD3}.Debug|Any CPU.ActiveCfg = Debug|Any CPU
		{883FDB04-070E-4051-8F5B-6946AA220AD3}.Debug|Any CPU.Build.0 = Debug|Any CPU
		{883FDB04-070E-4051-8F5B-6946AA220AD3}.Release|Any CPU.ActiveCfg = Release|Any CPU
		{883FDB04-070E-4051-8F5B-6946AA220AD3}.Release|Any CPU.Build.0 = Release|Any CPU
		{1B39200E-1874-4D63-A845-21DFF2F11845}.Debug|Any CPU.ActiveCfg = Debug|Any CPU
		{1B39200E-1874-4D63-A845-21DFF2F11845}.Debug|Any CPU.Build.0 = Debug|Any CPU
		{1B39200E-1874-4D63-A845-21DFF2F11845}.Release|Any CPU.ActiveCfg = Release|Any CPU
		{1B39200E-1874-4D63-A845-21DFF2F11845}.Release|Any CPU.Build.0 = Release|Any CPU
		{9D6EF268-A8F1-409B-A5C1-F19223B66D4F}.Debug|Any CPU.ActiveCfg = Debug|Any CPU
		{9D6EF268-A8F1-409B-A5C1-F19223B66D4F}.Debug|Any CPU.Build.0 = Debug|Any CPU
		{9D6EF268-A8F1-409B-A5C1-F19223B66D4F}.Release|Any CPU.ActiveCfg = Release|Any CPU
		{9D6EF268-A8F1-409B-A5C1-F19223B66D4F}.Release|Any CPU.Build.0 = Release|Any CPU
		{AA0DDDC3-41B5-4AE0-A21D-4AAD3C3314CC}.Debug|Any CPU.ActiveCfg = Debug|Any CPU
		{AA0DDDC3-41B5-4AE0-A21D-4AAD3C3314CC}.Debug|Any CPU.Build.0 = Debug|Any CPU
		{AA0DDDC3-41B5-4AE0-A21D-4AAD3C3314CC}.Release|Any CPU.ActiveCfg = Release|Any CPU
		{AA0DDDC3-41B5-4AE0-A21D-4AAD3C3314CC}.Release|Any CPU.Build.0 = Release|Any CPU
	EndGlobalSection
	GlobalSection(SolutionProperties) = preSolution
		HideSolutionNode = FALSE
	EndGlobalSection
	GlobalSection(ExtensibilityGlobals) = postSolution
		SolutionGuid = {CB6ACB45-34BD-41AF-A149-95C46DBD87DE}
	EndGlobalSection
EndGlobal
